
Microsoft Visual Studio Solution File, Format Version 12.00
# Visual Studio 15
VisualStudioVersion = 15.0.26228.9
MinimumVisualStudioVersion = 10.0.40219.1
Project("{2150E333-8FDC-42A3-9474-1A3956D46DE8}") = "Solution Items", "Solution Items", "{B9894307-52F1-41B6-838E-A2769852D387}"
	ProjectSection(SolutionItems) = preProject
		ProjectProcess.txt = ProjectProcess.txt
	EndProjectSection
EndProject
Project("{FAE04EC0-301F-11D3-BF4B-00C04F79EFBC}") = "IHCWebApp", "IHCWebApp\IHCWebApp.csproj", "{58B00DC2-272B-4D4C-A751-ED0878837240}"
EndProject
Project("{FAE04EC0-301F-11D3-BF4B-00C04F79EFBC}") = "DataHandler", "DataHandler\DataHandler.csproj", "{9232B76A-8418-420E-BF59-A56122B4EF3F}"
EndProject
Project("{FAE04EC0-301F-11D3-BF4B-00C04F79EFBC}") = "IHCApp", "IHCApp\IHCApp.csproj", "{1FB58E6F-4045-40A6-9B96-75ECD8A3633A}"
EndProject
Project("{FAE04EC0-301F-11D3-BF4B-00C04F79EFBC}") = "Test", "Test\Test.csproj", "{2E45080C-BA98-4151-A215-C32DC0C5B4CA}"
EndProject
Global
	GlobalSection(SolutionConfigurationPlatforms) = preSolution
		Debug|Any CPU = Debug|Any CPU
		Release|Any CPU = Release|Any CPU
	EndGlobalSection
	GlobalSection(ProjectConfigurationPlatforms) = postSolution
		{58B00DC2-272B-4D4C-A751-ED0878837240}.Debug|Any CPU.ActiveCfg = Debug|Any CPU
		{58B00DC2-272B-4D4C-A751-ED0878837240}.Debug|Any CPU.Build.0 = Debug|Any CPU
		{58B00DC2-272B-4D4C-A751-ED0878837240}.Release|Any CPU.ActiveCfg = Release|Any CPU
		{58B00DC2-272B-4D4C-A751-ED0878837240}.Release|Any CPU.Build.0 = Release|Any CPU
		{9232B76A-8418-420E-BF59-A56122B4EF3F}.Debug|Any CPU.ActiveCfg = Debug|Any CPU
		{9232B76A-8418-420E-BF59-A56122B4EF3F}.Debug|Any CPU.Build.0 = Debug|Any CPU
		{9232B76A-8418-420E-BF59-A56122B4EF3F}.Release|Any CPU.ActiveCfg = Release|Any CPU
		{9232B76A-8418-420E-BF59-A56122B4EF3F}.Release|Any CPU.Build.0 = Release|Any CPU
		{1FB58E6F-4045-40A6-9B96-75ECD8A3633A}.Debug|Any CPU.ActiveCfg = Debug|Any CPU
		{1FB58E6F-4045-40A6-9B96-75ECD8A3633A}.Debug|Any CPU.Build.0 = Debug|Any CPU
		{1FB58E6F-4045-40A6-9B96-75ECD8A3633A}.Release|Any CPU.ActiveCfg = Release|Any CPU
		{1FB58E6F-4045-40A6-9B96-75ECD8A3633A}.Release|Any CPU.Build.0 = Release|Any CPU
		{2E45080C-BA98-4151-A215-C32DC0C5B4CA}.Debug|Any CPU.ActiveCfg = Debug|Any CPU
		{2E45080C-BA98-4151-A215-C32DC0C5B4CA}.Debug|Any CPU.Build.0 = Debug|Any CPU
		{2E45080C-BA98-4151-A215-C32DC0C5B4CA}.Release|Any CPU.ActiveCfg = Release|Any CPU
		{2E45080C-BA98-4151-A215-C32DC0C5B4CA}.Release|Any CPU.Build.0 = Release|Any CPU
	EndGlobalSection
	GlobalSection(SolutionProperties) = preSolution
		HideSolutionNode = FALSE
	EndGlobalSection
EndGlobal
