
Microsoft Visual Studio Solution File, Format Version 12.00
# Visual Studio 15
VisualStudioVersion = 15.0.26228.10
MinimumVisualStudioVersion = 10.0.40219.1
Project("{2150E333-8FDC-42A3-9474-1A3956D46DE8}") = "Solution Items", "Solution Items", "{B9894307-52F1-41B6-838E-A2769852D387}"
	ProjectSection(SolutionItems) = preProject
		ProjectProcess.txt = ProjectProcess.txt
	EndProjectSection
EndProject
Project("{FAE04EC0-301F-11D3-BF4B-00C04F79EFBC}") = "IHCApp", "IHCApp\IHCApp.csproj", "{1FB58E6F-4045-40A6-9B96-75ECD8A3633A}"
EndProject
Project("{FAE04EC0-301F-11D3-BF4B-00C04F79EFBC}") = "IHCAppTests", "IHCAppTests\IHCAppTests.csproj", "{467B23CC-3FAA-4EB2-B85C-BFFC462060D6}"
EndProject
Global
	GlobalSection(SolutionConfigurationPlatforms) = preSolution
		Debug|Any CPU = Debug|Any CPU
		Release|Any CPU = Release|Any CPU
	EndGlobalSection
	GlobalSection(ProjectConfigurationPlatforms) = postSolution
		{1FB58E6F-4045-40A6-9B96-75ECD8A3633A}.Debug|Any CPU.ActiveCfg = Debug|Any CPU
		{1FB58E6F-4045-40A6-9B96-75ECD8A3633A}.Debug|Any CPU.Build.0 = Debug|Any CPU
		{1FB58E6F-4045-40A6-9B96-75ECD8A3633A}.Release|Any CPU.ActiveCfg = Release|Any CPU
		{1FB58E6F-4045-40A6-9B96-75ECD8A3633A}.Release|Any CPU.Build.0 = Release|Any CPU
		{467B23CC-3FAA-4EB2-B85C-BFFC462060D6}.Debug|Any CPU.ActiveCfg = Debug|Any CPU
		{467B23CC-3FAA-4EB2-B85C-BFFC462060D6}.Debug|Any CPU.Build.0 = Debug|Any CPU
		{467B23CC-3FAA-4EB2-B85C-BFFC462060D6}.Release|Any CPU.ActiveCfg = Release|Any CPU
		{467B23CC-3FAA-4EB2-B85C-BFFC462060D6}.Release|Any CPU.Build.0 = Release|Any CPU
	EndGlobalSection
	GlobalSection(SolutionProperties) = preSolution
		HideSolutionNode = FALSE
	EndGlobalSection
EndGlobal
